
Microsoft Visual Studio Solution File, Format Version 12.00
# Visual Studio Version 17
VisualStudioVersion = 17.13.35806.99 d17.13
MinimumVisualStudioVersion = 10.0.40219.1
Project("{E24C65DC-7377-472B-9ABA-BC803B73C61A}") = "IMS Backup as on 22.01.2025", "D:\personal\Projects\.NET\freelance\Brainium\Railtel\IMS Backup as on 22.01.2025-20250207T115142Z-001\IMS Backup as on 22.01.2025\", "{67586818-8D2A-27FB-C138-FDD1094A4078}"
	ProjectSection(WebsiteProperties) = preProject
		TargetFrameworkMoniker = ".NETFramework,Version%3Dv4.8"
		Debug.AspNetCompiler.VirtualPath = "/localhost_58968"
		Debug.AspNetCompiler.PhysicalPath = "D:\personal\Projects\.NET\freelance\Brainium\Railtel\IMS Backup as on 22.01.2025-20250207T115142Z-001\IMS Backup as on 22.01.2025\"
		Debug.AspNetCompiler.TargetPath = "PrecompiledWeb\localhost_58968\"
		Debug.AspNetCompiler.Updateable = "true"
		Debug.AspNetCompiler.ForceOverwrite = "true"
		Debug.AspNetCompiler.FixedNames = "false"
		Debug.AspNetCompiler.Debug = "True"
		Release.AspNetCompiler.VirtualPath = "/localhost_58968"
		Release.AspNetCompiler.PhysicalPath = "D:\personal\Projects\.NET\freelance\Brainium\Railtel\IMS Backup as on 22.01.2025-20250207T115142Z-001\IMS Backup as on 22.01.2025\"
		Release.AspNetCompiler.TargetPath = "PrecompiledWeb\localhost_58968\"
		Release.AspNetCompiler.Updateable = "true"
		Release.AspNetCompiler.ForceOverwrite = "true"
		Release.AspNetCompiler.FixedNames = "false"
		Release.AspNetCompiler.Debug = "False"
		VWDPort = "58968"
		SlnRelativePath = "D:\personal\Projects\.NET\freelance\Brainium\Railtel\IMS Backup as on 22.01.2025-20250207T115142Z-001\IMS Backup as on 22.01.2025\"
	EndProjectSection
EndProject
Global
	GlobalSection(SolutionConfigurationPlatforms) = preSolution
		Debug|Any CPU = Debug|Any CPU
	EndGlobalSection
	GlobalSection(ProjectConfigurationPlatforms) = postSolution
		{67586818-8D2A-27FB-C138-FDD1094A4078}.Debug|Any CPU.ActiveCfg = Debug|Any CPU
		{67586818-8D2A-27FB-C138-FDD1094A4078}.Debug|Any CPU.Build.0 = Debug|Any CPU
	EndGlobalSection
	GlobalSection(SolutionProperties) = preSolution
		HideSolutionNode = FALSE
	EndGlobalSection
	GlobalSection(ExtensibilityGlobals) = postSolution
		SolutionGuid = {F9478928-C19D-400E-9646-3CC24EFE31E9}
	EndGlobalSection
EndGlobal
